
Microsoft Visual Studio Solution File, Format Version 12.00
# Visual Studio Version 16
VisualStudioVersion = 16.0.31515.178
MinimumVisualStudioVersion = 10.0.40219.1
Project("{FAE04EC0-301F-11D3-BF4B-00C04F79EFBC}") = "WpfApp1", "WpfApp1.csproj", "{CC914B3E-CDB3-418A-835D-5DCFF3953860}"
EndProject
Project("{FAE04EC0-301F-11D3-BF4B-00C04F79EFBC}") = "TemplatorLibrary", "..\TemplatorLibrary\TemplatorLibrary.csproj", "{07C521D2-6AFB-4509-A67C-852F120760F1}"
EndProject
Global
	GlobalSection(SolutionConfigurationPlatforms) = preSolution
		Debug|Any CPU = Debug|Any CPU
		Release|Any CPU = Release|Any CPU
	EndGlobalSection
	GlobalSection(ProjectConfigurationPlatforms) = postSolution
		{CC914B3E-CDB3-418A-835D-5DCFF3953860}.Debug|Any CPU.ActiveCfg = Debug|Any CPU
		{CC914B3E-CDB3-418A-835D-5DCFF3953860}.Debug|Any CPU.Build.0 = Debug|Any CPU
		{CC914B3E-CDB3-418A-835D-5DCFF3953860}.Release|Any CPU.ActiveCfg = Release|Any CPU
		{CC914B3E-CDB3-418A-835D-5DCFF3953860}.Release|Any CPU.Build.0 = Release|Any CPU
		{07C521D2-6AFB-4509-A67C-852F120760F1}.Debug|Any CPU.ActiveCfg = Debug|Any CPU
		{07C521D2-6AFB-4509-A67C-852F120760F1}.Debug|Any CPU.Build.0 = Debug|Any CPU
		{07C521D2-6AFB-4509-A67C-852F120760F1}.Release|Any CPU.ActiveCfg = Release|Any CPU
		{07C521D2-6AFB-4509-A67C-852F120760F1}.Release|Any CPU.Build.0 = Release|Any CPU
	EndGlobalSection
	GlobalSection(SolutionProperties) = preSolution
		HideSolutionNode = FALSE
	EndGlobalSection
	GlobalSection(ExtensibilityGlobals) = postSolution
		SolutionGuid = {9B26C50C-B951-4F75-AE38-DEEFEAA17F8F}
	EndGlobalSection
EndGlobal
